
Microsoft Visual Studio Solution File, Format Version 12.00
# Visual Studio 15
Project("{FAE04EC0-301F-11D3-BF4B-00C04F79EFBC}") = "Assembly-CSharp", "Assembly-CSharp.csproj", "{5FD40BA5-31B3-F7F3-D00A-A0E4B72ABFE1}"
EndProject
Project("{FAE04EC0-301F-11D3-BF4B-00C04F79EFBC}") = "Assembly-CSharp-firstpass", "Assembly-CSharp-firstpass.csproj", "{0C654315-39A4-DDAD-A473-F6D53E00E97F}"
EndProject
Global
	GlobalSection(SolutionConfigurationPlatforms) = preSolution
		Debug|Any CPU = Debug|Any CPU
		Release|Any CPU = Release|Any CPU
	EndGlobalSection
	GlobalSection(ProjectConfigurationPlatforms) = postSolution
		{5FD40BA5-31B3-F7F3-D00A-A0E4B72ABFE1}.Debug|Any CPU.ActiveCfg = Debug|Any CPU
		{5FD40BA5-31B3-F7F3-D00A-A0E4B72ABFE1}.Debug|Any CPU.Build.0 = Debug|Any CPU
		{5FD40BA5-31B3-F7F3-D00A-A0E4B72ABFE1}.Release|Any CPU.ActiveCfg = Release|Any CPU
		{5FD40BA5-31B3-F7F3-D00A-A0E4B72ABFE1}.Release|Any CPU.Build.0 = Release|Any CPU
		{0C654315-39A4-DDAD-A473-F6D53E00E97F}.Debug|Any CPU.ActiveCfg = Debug|Any CPU
		{0C654315-39A4-DDAD-A473-F6D53E00E97F}.Debug|Any CPU.Build.0 = Debug|Any CPU
		{0C654315-39A4-DDAD-A473-F6D53E00E97F}.Release|Any CPU.ActiveCfg = Release|Any CPU
		{0C654315-39A4-DDAD-A473-F6D53E00E97F}.Release|Any CPU.Build.0 = Release|Any CPU
	EndGlobalSection
	GlobalSection(SolutionProperties) = preSolution
		HideSolutionNode = FALSE
	EndGlobalSection
EndGlobal
