
Microsoft Visual Studio Solution File, Format Version 12.00
# Visual Studio 15
Project("{FAE04EC0-301F-11D3-BF4B-00C04F79EFBC}") = "Assembly-CSharp", "Assembly-CSharp.csproj", "{BBEA8AE1-8364-FA3E-EB35-DF0222A39D45}"
EndProject
Project("{FAE04EC0-301F-11D3-BF4B-00C04F79EFBC}") = "Assembly-CSharp-firstpass", "Assembly-CSharp-firstpass.csproj", "{2FA66D9D-9E91-8E96-09B1-C42551D40AC2}"
EndProject
Global
	GlobalSection(SolutionConfigurationPlatforms) = preSolution
		Debug|Any CPU = Debug|Any CPU
		Release|Any CPU = Release|Any CPU
	EndGlobalSection
	GlobalSection(ProjectConfigurationPlatforms) = postSolution
		{BBEA8AE1-8364-FA3E-EB35-DF0222A39D45}.Debug|Any CPU.ActiveCfg = Debug|Any CPU
		{BBEA8AE1-8364-FA3E-EB35-DF0222A39D45}.Debug|Any CPU.Build.0 = Debug|Any CPU
		{BBEA8AE1-8364-FA3E-EB35-DF0222A39D45}.Release|Any CPU.ActiveCfg = Release|Any CPU
		{BBEA8AE1-8364-FA3E-EB35-DF0222A39D45}.Release|Any CPU.Build.0 = Release|Any CPU
		{2FA66D9D-9E91-8E96-09B1-C42551D40AC2}.Debug|Any CPU.ActiveCfg = Debug|Any CPU
		{2FA66D9D-9E91-8E96-09B1-C42551D40AC2}.Debug|Any CPU.Build.0 = Debug|Any CPU
		{2FA66D9D-9E91-8E96-09B1-C42551D40AC2}.Release|Any CPU.ActiveCfg = Release|Any CPU
		{2FA66D9D-9E91-8E96-09B1-C42551D40AC2}.Release|Any CPU.Build.0 = Release|Any CPU
	EndGlobalSection
	GlobalSection(SolutionProperties) = preSolution
		HideSolutionNode = FALSE
	EndGlobalSection
EndGlobal
